
Microsoft Visual Studio Solution File, Format Version 12.00
# Visual Studio 15
VisualStudioVersion = 15.0.28010.2036
MinimumVisualStudioVersion = 10.0.40219.1
Project("{FAE04EC0-301F-11D3-BF4B-00C04F79EFBC}") = "WebApplication44", "WebApplication44\WebApplication44.csproj", "{CA7E96FD-8122-4D0D-8A24-7D6D8D411364}"
EndProject
Global
	GlobalSection(SolutionConfigurationPlatforms) = preSolution
		Debug|Any CPU = Debug|Any CPU
		Release|Any CPU = Release|Any CPU
	EndGlobalSection
	GlobalSection(ProjectConfigurationPlatforms) = postSolution
		{CA7E96FD-8122-4D0D-8A24-7D6D8D411364}.Debug|Any CPU.ActiveCfg = Debug|Any CPU
		{CA7E96FD-8122-4D0D-8A24-7D6D8D411364}.Debug|Any CPU.Build.0 = Debug|Any CPU
		{CA7E96FD-8122-4D0D-8A24-7D6D8D411364}.Release|Any CPU.ActiveCfg = Release|Any CPU
		{CA7E96FD-8122-4D0D-8A24-7D6D8D411364}.Release|Any CPU.Build.0 = Release|Any CPU
	EndGlobalSection
	GlobalSection(SolutionProperties) = preSolution
		HideSolutionNode = FALSE
	EndGlobalSection
	GlobalSection(ExtensibilityGlobals) = postSolution
		SolutionGuid = {D53B939F-D272-4984-8FE4-1357FB063043}
	EndGlobalSection
EndGlobal
